// !$*UTF8*$!
{
	archiveVersion = 1;
	classes = {
	};
	objectVersion = 46;
	objects = {

/* Begin PBXBuildFile section */
		3656945016B1659600AF0820 /* UIKit.framework in Frameworks */ = {isa = PBXBuildFile; fileRef = 3656944F16B1659600AF0820 /* UIKit.framework */; };
		3656945216B1659600AF0820 /* Foundation.framework in Frameworks */ = {isa = PBXBuildFile; fileRef = 3656945116B1659600AF0820 /* Foundation.framework */; };
		3656945416B1659600AF0820 /* CoreGraphics.framework in Frameworks */ = {isa = PBXBuildFile; fileRef = 3656945316B1659600AF0820 /* CoreGraphics.framework */; };
		3656945A16B1659600AF0820 /* InfoPlist.strings in Resources */ = {isa = PBXBuildFile; fileRef = 3656945816B1659600AF0820 /* InfoPlist.strings */; };
		3656945C16B1659600AF0820 /* main.m in Sources */ = {isa = PBXBuildFile; fileRef = 3656945B16B1659600AF0820 /* main.m */; };
		3656946016B1659600AF0820 /* AppDelegate.m in Sources */ = {isa = PBXBuildFile; fileRef = 3656945F16B1659600AF0820 /* AppDelegate.m */; };
		3656946216B1659600AF0820 /* Default.png in Resources */ = {isa = PBXBuildFile; fileRef = 3656946116B1659600AF0820 /* Default.png */; };
		3656946416B1659600AF0820 /* Default@2x.png in Resources */ = {isa = PBXBuildFile; fileRef = 3656946316B1659600AF0820 /* Default@2x.png */; };
		3656946616B1659600AF0820 /* Default-568h@2x.png in Resources */ = {isa = PBXBuildFile; fileRef = 3656946516B1659600AF0820 /* Default-568h@2x.png */; };
		3656946916B1659600AF0820 /* MainStoryboard.storyboard in Resources */ = {isa = PBXBuildFile; fileRef = 3656946716B1659600AF0820 /* MainStoryboard.storyboard */; };
		3656946C16B1659600AF0820 /* ViewController.m in Sources */ = {isa = PBXBuildFile; fileRef = 3656946B16B1659600AF0820 /* ViewController.m */; };
/* End PBXBuildFile section */

/* Begin PBXFileReference section */
		3656944B16B1659600AF0820 /* RatingView.app */ = {isa = PBXFileReference; explicitFileType = wrapper.application; includeInIndex = 0; path = RatingView.app; sourceTree = BUILT_PRODUCTS_DIR; };
		3656944F16B1659600AF0820 /* UIKit.framework */ = {isa = PBXFileReference; lastKnownFileType = wrapper.framework; name = UIKit.framework; path = System/Library/Frameworks/UIKit.framework; sourceTree = SDKROOT; };
		3656945116B1659600AF0820 /* Foundation.framework */ = {isa = PBXFileReference; lastKnownFileType = wrapper.framework; name = Foundation.framework; path = System/Library/Frameworks/Foundation.framework; sourceTree = SDKROOT; };
		3656945316B1659600AF0820 /* CoreGraphics.framework */ = {isa = PBXFileReference; lastKnownFileType = wrapper.framework; name = CoreGraphics.framework; path = System/Library/Frameworks/CoreGraphics.framework; sourceTree = SDKROOT; };
		3656945716B1659600AF0820 /* RatingView-Info.plist */ = {isa = PBXFileReference; lastKnownFileType = text.plist.xml; path = "RatingView-Info.plist"; sourceTree = "<group>"; };
		3656945916B1659600AF0820 /* en */ = {isa = PBXFileReference; lastKnownFileType = text.plist.strings; name = en; path = en.lproj/InfoPlist.strings; sourceTree = "<group>"; };
		3656945B16B1659600AF0820 /* main.m */ = {isa = PBXFileReference; lastKnownFileType = sourcecode.c.objc; path = main.m; sourceTree = "<group>"; };
		3656945D16B1659600AF0820 /* RatingView-Prefix.pch */ = {isa = PBXFileReference; lastKnownFileType = sourcecode.c.h; path = "RatingView-Prefix.pch"; sourceTree = "<group>"; };
		3656945E16B1659600AF0820 /* AppDelegate.h */ = {isa = PBXFileReference; lastKnownFileType = sourcecode.c.h; path = AppDelegate.h; sourceTree = "<group>"; };
		3656945F16B1659600AF0820 /* AppDelegate.m */ = {isa = PBXFileReference; lastKnownFileType = sourcecode.c.objc; path = AppDelegate.m; sourceTree = "<group>"; };
		3656946116B1659600AF0820 /* Default.png */ = {isa = PBXFileReference; lastKnownFileType = image.png; path = Default.png; sourceTree = "<group>"; };
		3656946316B1659600AF0820 /* Default@2x.png */ = {isa = PBXFileReference; lastKnownFileType = image.png; path = "Default@2x.png"; sourceTree = "<group>"; };
		3656946516B1659600AF0820 /* Default-568h@2x.png */ = {isa = PBXFileReference; lastKnownFileType = image.png; path = "Default-568h@2x.png"; sourceTree = "<group>"; };
		3656946816B1659600AF0820 /* en */ = {isa = PBXFileReference; lastKnownFileType = file.storyboard; name = en; path = en.lproj/MainStoryboard.storyboard; sourceTree = "<group>"; };
		3656946A16B1659600AF0820 /* ViewController.h */ = {isa = PBXFileReference; lastKnownFileType = sourcecode.c.h; path = ViewController.h; sourceTree = "<group>"; };
		3656946B16B1659600AF0820 /* ViewController.m */ = {isa = PBXFileReference; lastKnownFileType = sourcecode.c.objc; path = ViewController.m; sourceTree = "<group>"; };
/* End PBXFileReference section */

/* Begin PBXFrameworksBuildPhase section */
		3656944816B1659600AF0820 /* Frameworks */ = {
			isa = PBXFrameworksBuildPhase;
			buildActionMask = 2147483647;
			files = (
				3656945016B1659600AF0820 /* UIKit.framework in Frameworks */,
				3656945216B1659600AF0820 /* Foundation.framework in Frameworks */,
				3656945416B1659600AF0820 /* CoreGraphics.framework in Frameworks */,
			);
			runOnlyForDeploymentPostprocessing = 0;
		};
/* End PBXFrameworksBuildPhase section */

/* Begin PBXGroup section */
		3656944016B1659600AF0820 = {
			isa = PBXGroup;
			children = (
				3656945516B1659600AF0820 /* RatingView */,
				3656944E16B1659600AF0820 /* Frameworks */,
				3656944C16B1659600AF0820 /* Products */,
			);
			sourceTree = "<group>";
		};
		3656944C16B1659600AF0820 /* Products */ = {
			isa = PBXGroup;
			children = (
				3656944B16B1659600AF0820 /* RatingView.app */,
			);
			name = Products;
			sourceTree = "<group>";
		};
		3656944E16B1659600AF0820 /* Frameworks */ = {
			isa = PBXGroup;
			children = (
				3656944F16B1659600AF0820 /* UIKit.framework */,
				3656945116B1659600AF0820 /* Foundation.framework */,
				3656945316B1659600AF0820 /* CoreGraphics.framework */,
			);
			name = Frameworks;
			sourceTree = "<group>";
		};
		3656945516B1659600AF0820 /* RatingView */ = {
			isa = PBXGroup;
			children = (
				3656945E16B1659600AF0820 /* AppDelegate.h */,
				3656945F16B1659600AF0820 /* AppDelegate.m */,
				3656946716B1659600AF0820 /* MainStoryboard.storyboard */,
				3656946A16B1659600AF0820 /* ViewController.h */,
				3656946B16B1659600AF0820 /* ViewController.m */,
				3656945616B1659600AF0820 /* Supporting Files */,
			);
			path = RatingView;
			sourceTree = "<group>";
		};
		3656945616B1659600AF0820 /* Supporting Files */ = {
			isa = PBXGroup;
			children = (
				3656945716B1659600AF0820 /* RatingView-Info.plist */,
				3656945816B1659600AF0820 /* InfoPlist.strings */,
				3656945B16B1659600AF0820 /* main.m */,
				3656945D16B1659600AF0820 /* RatingView-Prefix.pch */,
				3656946116B1659600AF0820 /* Default.png */,
				3656946316B1659600AF0820 /* Default@2x.png */,
				3656946516B1659600AF0820 /* Default-568h@2x.png */,
			);
			name = "Supporting Files";
			sourceTree = "<group>";
		};
/* End PBXGroup section */

/* Begin PBXNativeTarget section */
		3656944A16B1659600AF0820 /* RatingView */ = {
			isa = PBXNativeTarget;
			buildConfigurationList = 3656946F16B1659600AF0820 /* Build configuration list for PBXNativeTarget "RatingView" */;
			buildPhases = (
				3656944716B1659600AF0820 /* Sources */,
				3656944816B1659600AF0820 /* Frameworks */,
				3656944916B1659600AF0820 /* Resources */,
			);
			buildRules = (
			);
			dependencies = (
			);
			name = RatingView;
			productName = RatingView;
			productReference = 3656944B16B1659600AF0820 /* RatingView.app */;
			productType = "com.apple.product-type.application";
		};
/* End PBXNativeTarget section */

/* Begin PBXProject section */
		3656944216B1659600AF0820 /* Project object */ = {
			isa = PBXProject;
			attributes = {
				LastUpgradeCheck = 0450;
				ORGANIZATIONNAME = Fanny;
			};
			buildConfigurationList = 3656944516B1659600AF0820 /* Build configuration list for PBXProject "RatingView" */;
			compatibilityVersion = "Xcode 3.2";
			developmentRegion = English;
			hasScannedForEncodings = 0;
			knownRegions = (
				en,
			);
			mainGroup = 3656944016B1659600AF0820;
			productRefGroup = 3656944C16B1659600AF0820 /* Products */;
			projectDirPath = "";
			projectRoot = "";
			targets = (
				3656944A16B1659600AF0820 /* RatingView */,
			);
		};
/* End PBXProject section */

/* Begin PBXResourcesBuildPhase section */
		3656944916B1659600AF0820 /* Resources */ = {
			isa = PBXResourcesBuildPhase;
			buildActionMask = 2147483647;
			files = (
				3656945A16B1659600AF0820 /* InfoPlist.strings in Resources */,
				3656946216B1659600AF0820 /* Default.png in Resources */,
				3656946416B1659600AF0820 /* Default@2x.png in Resources */,
				3656946616B1659600AF0820 /* Default-568h@2x.png in Resources */,
				3656946916B1659600AF0820 /* MainStoryboard.storyboard in Resources */,
			);
			runOnlyForDeploymentPostprocessing = 0;
		};
/* End PBXResourcesBuildPhase section */

/* Begin PBXSourcesBuildPhase section */
		3656944716B1659600AF0820 /* Sources */ = {
			isa = PBXSourcesBuildPhase;
			buildActionMask = 2147483647;
			files = (
				3656945C16B1659600AF0820 /* main.m in Sources */,
				3656946016B1659600AF0820 /* AppDelegate.m in Sources */,
				3656946C16B1659600AF0820 /* ViewController.m in Sources */,
			);
			runOnlyForDeploymentPostprocessing = 0;
		};
/* End PBXSourcesBuildPhase section */

/* Begin PBXVariantGroup section */
		3656945816B1659600AF0820 /* InfoPlist.strings */ = {
			isa = PBXVariantGroup;
			children = (
				3656945916B1659600AF0820 /* en */,
			);
			name = InfoPlist.strings;
			sourceTree = "<group>";
		};
		3656946716B1659600AF0820 /* MainStoryboard.storyboard */ = {
			isa = PBXVariantGroup;
			children = (
				3656946816B1659600AF0820 /* en */,
			);
			name = MainStoryboard.storyboard;
			sourceTree = "<group>";
		};
/* End PBXVariantGroup section */

/* Begin XCBuildConfiguration section */
		3656946D16B1659600AF0820 /* Debug */ = {
			isa = XCBuildConfiguration;
			buildSettings = {
				ALWAYS_SEARCH_USER_PATHS = NO;
				CLANG_CXX_LANGUAGE_STANDARD = "gnu++0x";
				CLANG_CXX_LIBRARY = "libc++";
				CLANG_ENABLE_OBJC_ARC = YES;
				CLANG_WARN_EMPTY_BODY = YES;
				CLANG_WARN__DUPLICATE_METHOD_MATCH = YES;
				"CODE_SIGN_IDENTITY[sdk=iphoneos*]" = "iPhone Developer";
				COPY_PHASE_STRIP = NO;
				GCC_C_LANGUAGE_STANDARD = gnu99;
				GCC_DYNAMIC_NO_PIC = NO;
				GCC_OPTIMIZATION_LEVEL = 0;
				GCC_PREPROCESSOR_DEFINITIONS = (
					"DEBUG=1",
					"$(inherited)",
				);
				GCC_SYMBOLS_PRIVATE_EXTERN = NO;
				GCC_WARN_ABOUT_RETURN_TYPE = YES;
				GCC_WARN_UNINITIALIZED_AUTOS = YES;
				GCC_WARN_UNUSED_VARIABLE = YES;
				IPHONEOS_DEPLOYMENT_TARGET = 6.0;
				ONLY_ACTIVE_ARCH = YES;
				SDKROOT = iphoneos;
			};
			name = Debug;
		};
		3656946E16B1659600AF0820 /* Release */ = {
			isa = XCBuildConfiguration;
			buildSettings = {
				ALWAYS_SEARCH_USER_PATHS = NO;
				CLANG_CXX_LANGUAGE_STANDARD = "gnu++0x";
				CLANG_CXX_LIBRARY = "libc++";
				CLANG_ENABLE_OBJC_ARC = YES;
				CLANG_WARN_EMPTY_BODY = YES;
				CLANG_WARN__DUPLICATE_METHOD_MATCH = YES;
				"CODE_SIGN_IDENTITY[sdk=iphoneos*]" = "iPhone Developer";
				COPY_PHASE_STRIP = YES;
				GCC_C_LANGUAGE_STANDARD = gnu99;
				GCC_WARN_ABOUT_RETURN_TYPE = YES;
				GCC_WARN_UNINITIALIZED_AUTOS = YES;
				GCC_WARN_UNUSED_VARIABLE = YES;
				IPHONEOS_DEPLOYMENT_TARGET = 6.0;
				OTHER_CFLAGS = "-DNS_BLOCK_ASSERTIONS=1";
				SDKROOT = iphoneos;
				VALIDATE_PRODUCT = YES;
			};
			name = Release;
		};
		3656947016B1659600AF0820 /* Debug */ = {
			isa = XCBuildConfiguration;
			buildSettings = {
				GCC_PRECOMPILE_PREFIX_HEADER = YES;
				GCC_PREFIX_HEADER = "RatingView/RatingView-Prefix.pch";
				INFOPLIST_FILE = "RatingView/RatingView-Info.plist";
				PRODUCT_NAME = "$(TARGET_NAME)";
				WRAPPER_EXTENSION = app;
			};
			name = Debug;
		};
		3656947116B1659600AF0820 /* Release */ = {
			isa = XCBuildConfiguration;
			buildSettings = {
				GCC_PRECOMPILE_PREFIX_HEADER = YES;
				GCC_PREFIX_HEADER = "RatingView/RatingView-Prefix.pch";
				INFOPLIST_FILE = "RatingView/RatingView-Info.plist";
				PRODUCT_NAME = "$(TARGET_NAME)";
				WRAPPER_EXTENSION = app;
			};
			name = Release;
		};
/* End XCBuildConfiguration section */

/* Begin XCConfigurationList section */
		3656944516B1659600AF0820 /* Build configuration list for PBXProject "RatingView" */ = {
			isa = XCConfigurationList;
			buildConfigurations = (
				3656946D16B1659600AF0820 /* Debug */,
				3656946E16B1659600AF0820 /* Release */,
			);
			defaultConfigurationIsVisible = 0;
			defaultConfigurationName = Release;
		};
		3656946F16B1659600AF0820 /* Build configuration list for PBXNativeTarget "RatingView" */ = {
			isa = XCConfigurationList;
			buildConfigurations = (
				3656947016B1659600AF0820 /* Debug */,
				3656947116B1659600AF0820 /* Release */,
			);
			defaultConfigurationIsVisible = 0;
		};
/* End XCConfigurationList section */
	};
	rootObject = 3656944216B1659600AF0820 /* Project object */;
}
